
Microsoft Visual Studio Solution File, Format Version 12.00
# Visual Studio Version 17
VisualStudioVersion = 17.0.31903.59
MinimumVisualStudioVersion = 10.0.40219.1
Project("{9A19103F-16F7-4668-BE54-9A1E7A4F7556}") = "Marstris.Server", "Marstris.Server\Marstris.Server.csproj", "{EC01312E-DB35-4148-80B2-6454A74D3219}"
EndProject
Project("{9A19103F-16F7-4668-BE54-9A1E7A4F7556}") = "Marstris.Client", "Marstris.Client\Marstris.Client.csproj", "{B7DDE909-807C-4667-BB95-D753A67A35F2}"
EndProject
Project("{9A19103F-16F7-4668-BE54-9A1E7A4F7556}") = "Marstris.Core", "Marstris.Core\Marstris.Core.csproj", "{8E803F43-7AE3-48BC-95B4-C6CCDBEF0850}"
EndProject
Project("{FAE04EC0-301F-11D3-BF4B-00C04F79EFBC}") = "Marstris.Client.Web", "Marstris.Client.Web\Marstris.Client.Web.csproj", "{73E9C4E9-E1AD-4331-BC6C-2D5DD177BEDA}"
EndProject
Global
	GlobalSection(SolutionConfigurationPlatforms) = preSolution
		Debug|Any CPU = Debug|Any CPU
		Release|Any CPU = Release|Any CPU
	EndGlobalSection
	GlobalSection(ProjectConfigurationPlatforms) = postSolution
		{EC01312E-DB35-4148-80B2-6454A74D3219}.Debug|Any CPU.ActiveCfg = Debug|Any CPU
		{EC01312E-DB35-4148-80B2-6454A74D3219}.Debug|Any CPU.Build.0 = Debug|Any CPU
		{EC01312E-DB35-4148-80B2-6454A74D3219}.Release|Any CPU.ActiveCfg = Release|Any CPU
		{EC01312E-DB35-4148-80B2-6454A74D3219}.Release|Any CPU.Build.0 = Release|Any CPU
		{B7DDE909-807C-4667-BB95-D753A67A35F2}.Debug|Any CPU.ActiveCfg = Debug|Any CPU
		{B7DDE909-807C-4667-BB95-D753A67A35F2}.Debug|Any CPU.Build.0 = Debug|Any CPU
		{B7DDE909-807C-4667-BB95-D753A67A35F2}.Release|Any CPU.ActiveCfg = Release|Any CPU
		{B7DDE909-807C-4667-BB95-D753A67A35F2}.Release|Any CPU.Build.0 = Release|Any CPU
		{8E803F43-7AE3-48BC-95B4-C6CCDBEF0850}.Debug|Any CPU.ActiveCfg = Debug|Any CPU
		{8E803F43-7AE3-48BC-95B4-C6CCDBEF0850}.Debug|Any CPU.Build.0 = Debug|Any CPU
		{8E803F43-7AE3-48BC-95B4-C6CCDBEF0850}.Release|Any CPU.ActiveCfg = Release|Any CPU
		{8E803F43-7AE3-48BC-95B4-C6CCDBEF0850}.Release|Any CPU.Build.0 = Release|Any CPU
		{73E9C4E9-E1AD-4331-BC6C-2D5DD177BEDA}.Debug|Any CPU.ActiveCfg = Debug|Any CPU
		{73E9C4E9-E1AD-4331-BC6C-2D5DD177BEDA}.Debug|Any CPU.Build.0 = Debug|Any CPU
		{73E9C4E9-E1AD-4331-BC6C-2D5DD177BEDA}.Release|Any CPU.ActiveCfg = Release|Any CPU
		{73E9C4E9-E1AD-4331-BC6C-2D5DD177BEDA}.Release|Any CPU.Build.0 = Release|Any CPU
	EndGlobalSection
	GlobalSection(SolutionProperties) = preSolution
		HideSolutionNode = FALSE
	EndGlobalSection
	GlobalSection(ExtensibilityGlobals) = postSolution
		SolutionGuid = {F14110D4-ACBF-4A9A-AE55-2AB1E2A9D600}
	EndGlobalSection
EndGlobal
